
Microsoft Visual Studio Solution File, Format Version 12.00
# Visual Studio Version 17
VisualStudioVersion = 17.4.33205.214
MinimumVisualStudioVersion = 10.0.40219.1
Project("{FAE04EC0-301F-11D3-BF4B-00C04F79EFBC}") = "BomberJack", "BomberJack\BomberJack.csproj", "{1ADD27CE-7E27-431C-B7F1-903A0FAE62E5}"
EndProject
Global
	GlobalSection(SolutionConfigurationPlatforms) = preSolution
		Debug|Any CPU = Debug|Any CPU
		Release|Any CPU = Release|Any CPU
	EndGlobalSection
	GlobalSection(ProjectConfigurationPlatforms) = postSolution
		{1ADD27CE-7E27-431C-B7F1-903A0FAE62E5}.Debug|Any CPU.ActiveCfg = Debug|Any CPU
		{1ADD27CE-7E27-431C-B7F1-903A0FAE62E5}.Debug|Any CPU.Build.0 = Debug|Any CPU
		{1ADD27CE-7E27-431C-B7F1-903A0FAE62E5}.Release|Any CPU.ActiveCfg = Release|Any CPU
		{1ADD27CE-7E27-431C-B7F1-903A0FAE62E5}.Release|Any CPU.Build.0 = Release|Any CPU
	EndGlobalSection
	GlobalSection(SolutionProperties) = preSolution
		HideSolutionNode = FALSE
	EndGlobalSection
	GlobalSection(ExtensibilityGlobals) = postSolution
		SolutionGuid = {E2BE5833-3342-4618-B9FA-861223BE01BD}
	EndGlobalSection
EndGlobal
